// !$*UTF8*$!
{
	archiveVersion = 1;
	classes = {
	};
	objectVersion = 51;
	objects = {

/* Begin PBXBuildFile section */
		D4D9DE0A2792FA65F12AFA9A /* Pods_MADHealth.framework in Frameworks */ = {isa = PBXBuildFile; fileRef = 258B8ABC2CE25B426B731768 /* Pods_MADHealth.framework */; };
		EC964C86273F8AA80028EA02 /* Storyboard+Navigation.swift in Sources */ = {isa = PBXBuildFile; fileRef = EC964C85273F8AA80028EA02 /* Storyboard+Navigation.swift */; };
		EC964C8A273F8ACE0028EA02 /* Storyboard.swift in Sources */ = {isa = PBXBuildFile; fileRef = EC964C89273F8ACE0028EA02 /* Storyboard.swift */; };
		EC964C8D273F8B070028EA02 /* NavigationController.swift in Sources */ = {isa = PBXBuildFile; fileRef = EC964C8C273F8B070028EA02 /* NavigationController.swift */; };
		EC964C90273F8E230028EA02 /* Screen.swift in Sources */ = {isa = PBXBuildFile; fileRef = EC964C8F273F8E230028EA02 /* Screen.swift */; };
		EC964C96273F915B0028EA02 /* Login.storyboard in Resources */ = {isa = PBXBuildFile; fileRef = EC964C95273F915B0028EA02 /* Login.storyboard */; };
		EC964C98273F91620028EA02 /* LoginViewController.swift in Sources */ = {isa = PBXBuildFile; fileRef = EC964C97273F91620028EA02 /* LoginViewController.swift */; };
		EC964C9A273F94C60028EA02 /* UIViewController+Navigation.swift in Sources */ = {isa = PBXBuildFile; fileRef = EC964C99273F94C60028EA02 /* UIViewController+Navigation.swift */; };
		EC964C9C273F95740028EA02 /* UIView+CornerRadius.swift in Sources */ = {isa = PBXBuildFile; fileRef = EC964C9B273F95740028EA02 /* UIView+CornerRadius.swift */; };
		EC964C9F273F95D70028EA02 /* KeyboardHelper.swift in Sources */ = {isa = PBXBuildFile; fileRef = EC964C9E273F95D70028EA02 /* KeyboardHelper.swift */; };
		EC964CA1273F979F0028EA02 /* UIViewController+Action.swift in Sources */ = {isa = PBXBuildFile; fileRef = EC964CA0273F979F0028EA02 /* UIViewController+Action.swift */; };
		EC964CA4273F98350028EA02 /* LoginViewModel.swift in Sources */ = {isa = PBXBuildFile; fileRef = EC964CA3273F98350028EA02 /* LoginViewModel.swift */; };
		EC964CA8273F9B0F0028EA02 /* APIAuthProvider.swift in Sources */ = {isa = PBXBuildFile; fileRef = EC964CA7273F9B0F0028EA02 /* APIAuthProvider.swift */; };
		EC964CAB273F9B540028EA02 /* Constant.swift in Sources */ = {isa = PBXBuildFile; fileRef = EC964CAA273F9B540028EA02 /* Constant.swift */; };
		EC964CAE273F9CB10028EA02 /* AuthStoreManager.swift in Sources */ = {isa = PBXBuildFile; fileRef = EC964CAD273F9CB10028EA02 /* AuthStoreManager.swift */; };
		EC964CB1273F9CEB0028EA02 /* HandleResponseMethod.swift in Sources */ = {isa = PBXBuildFile; fileRef = EC964CB0273F9CEB0028EA02 /* HandleResponseMethod.swift */; };
		EC964CB4273F9D430028EA02 /* Error.swift in Sources */ = {isa = PBXBuildFile; fileRef = EC964CB3273F9D430028EA02 /* Error.swift */; };
		EC964CB7273F9E200028EA02 /* EmptyModel.swift in Sources */ = {isa = PBXBuildFile; fileRef = EC964CB6273F9E200028EA02 /* EmptyModel.swift */; };
		EC964CBA273F9FF20028EA02 /* LoginViewModelDelegate.swift in Sources */ = {isa = PBXBuildFile; fileRef = EC964CB9273F9FF20028EA02 /* LoginViewModelDelegate.swift */; };
		EC964CC4273FA4E20028EA02 /* UserDefaultsManager.swift in Sources */ = {isa = PBXBuildFile; fileRef = EC964CC3273FA4E20028EA02 /* UserDefaultsManager.swift */; };
		EC964CC9273FAAEE0028EA02 /* TabBar.storyboard in Resources */ = {isa = PBXBuildFile; fileRef = EC964CC8273FAAEE0028EA02 /* TabBar.storyboard */; };
		EC964CCB273FAAFD0028EA02 /* TabBarViewController.swift in Sources */ = {isa = PBXBuildFile; fileRef = EC964CCA273FAAFD0028EA02 /* TabBarViewController.swift */; };
		EC964CD0273FAB590028EA02 /* Home.storyboard in Resources */ = {isa = PBXBuildFile; fileRef = EC964CCF273FAB590028EA02 /* Home.storyboard */; };
		EC964CD2273FAB610028EA02 /* HomeViewController.swift in Sources */ = {isa = PBXBuildFile; fileRef = EC964CD1273FAB610028EA02 /* HomeViewController.swift */; };
		EC964CD7273FAD760028EA02 /* Notification.storyboard in Resources */ = {isa = PBXBuildFile; fileRef = EC964CD6273FAD760028EA02 /* Notification.storyboard */; };
		EC964CD9273FAD7F0028EA02 /* NotificationViewController.swift in Sources */ = {isa = PBXBuildFile; fileRef = EC964CD8273FAD7F0028EA02 /* NotificationViewController.swift */; };
		EC964CDE273FAE190028EA02 /* Statistics.storyboard in Resources */ = {isa = PBXBuildFile; fileRef = EC964CDD273FAE190028EA02 /* Statistics.storyboard */; };
		EC964CE0273FAE220028EA02 /* StatisticsViewController.swift in Sources */ = {isa = PBXBuildFile; fileRef = EC964CDF273FAE220028EA02 /* StatisticsViewController.swift */; };
		EC964CE5273FAE710028EA02 /* Settings.storyboard in Resources */ = {isa = PBXBuildFile; fileRef = EC964CE4273FAE710028EA02 /* Settings.storyboard */; };
		EC964CE7273FAE840028EA02 /* SettingsViewController.swift in Sources */ = {isa = PBXBuildFile; fileRef = EC964CE6273FAE840028EA02 /* SettingsViewController.swift */; };
		EC964CEA273FAF5E0028EA02 /* AppColor.swift in Sources */ = {isa = PBXBuildFile; fileRef = EC964CE9273FAF5E0028EA02 /* AppColor.swift */; };
		EC964CED273FB18E0028EA02 /* HomeDataSource.swift in Sources */ = {isa = PBXBuildFile; fileRef = EC964CEC273FB18E0028EA02 /* HomeDataSource.swift */; };
		EC964CF2273FB2400028EA02 /* HomeDelegate.swift in Sources */ = {isa = PBXBuildFile; fileRef = EC964CF1273FB2400028EA02 /* HomeDelegate.swift */; };
		EC964CF5273FB2730028EA02 /* HomeViewModel.swift in Sources */ = {isa = PBXBuildFile; fileRef = EC964CF4273FB2730028EA02 /* HomeViewModel.swift */; };
		EC964CF8273FB2880028EA02 /* HomeCard.swift in Sources */ = {isa = PBXBuildFile; fileRef = EC964CF7273FB2880028EA02 /* HomeCard.swift */; };
		EC964CFB273FB44E0028EA02 /* HomeCardTableViewCell.swift in Sources */ = {isa = PBXBuildFile; fileRef = EC964CFA273FB44E0028EA02 /* HomeCardTableViewCell.swift */; };
		ECE87E76273F7F14001DAEE7 /* AppDelegate.swift in Sources */ = {isa = PBXBuildFile; fileRef = ECE87E75273F7F14001DAEE7 /* AppDelegate.swift */; };
		ECE87E78273F7F14001DAEE7 /* SceneDelegate.swift in Sources */ = {isa = PBXBuildFile; fileRef = ECE87E77273F7F14001DAEE7 /* SceneDelegate.swift */; };
		ECE87E7F273F7F16001DAEE7 /* Assets.xcassets in Resources */ = {isa = PBXBuildFile; fileRef = ECE87E7E273F7F16001DAEE7 /* Assets.xcassets */; };
		ECE87E82273F7F16001DAEE7 /* LaunchScreen.storyboard in Resources */ = {isa = PBXBuildFile; fileRef = ECE87E80273F7F16001DAEE7 /* LaunchScreen.storyboard */; };
		ECE87E8F273F84A6001DAEE7 /* OnbordingViewController.swift in Sources */ = {isa = PBXBuildFile; fileRef = ECE87E8E273F84A6001DAEE7 /* OnbordingViewController.swift */; };
		ECE87E91273F84B3001DAEE7 /* Onbording.storyboard in Resources */ = {isa = PBXBuildFile; fileRef = ECE87E90273F84B3001DAEE7 /* Onbording.storyboard */; };
		ECE87EA6273F84E4001DAEE7 /* Raleway-LightItalic.ttf in Resources */ = {isa = PBXBuildFile; fileRef = ECE87E94273F84E3001DAEE7 /* Raleway-LightItalic.ttf */; };
		ECE87EA7273F84E4001DAEE7 /* Raleway-Light.ttf in Resources */ = {isa = PBXBuildFile; fileRef = ECE87E95273F84E4001DAEE7 /* Raleway-Light.ttf */; };
		ECE87EA8273F84E4001DAEE7 /* Raleway-ExtraLight.ttf in Resources */ = {isa = PBXBuildFile; fileRef = ECE87E96273F84E4001DAEE7 /* Raleway-ExtraLight.ttf */; };
		ECE87EA9273F84E4001DAEE7 /* Raleway-Black.ttf in Resources */ = {isa = PBXBuildFile; fileRef = ECE87E97273F84E4001DAEE7 /* Raleway-Black.ttf */; };
		ECE87EAA273F84E4001DAEE7 /* Raleway-BoldItalic.ttf in Resources */ = {isa = PBXBuildFile; fileRef = ECE87E98273F84E4001DAEE7 /* Raleway-BoldItalic.ttf */; };
		ECE87EAB273F84E4001DAEE7 /* Raleway-SemiBoldItalic.ttf in Resources */ = {isa = PBXBuildFile; fileRef = ECE87E99273F84E4001DAEE7 /* Raleway-SemiBoldItalic.ttf */; };
		ECE87EAC273F84E4001DAEE7 /* Raleway-BlackItalic.ttf in Resources */ = {isa = PBXBuildFile; fileRef = ECE87E9A273F84E4001DAEE7 /* Raleway-BlackItalic.ttf */; };
		ECE87EAD273F84E4001DAEE7 /* Raleway-ExtraLightItalic.ttf in Resources */ = {isa = PBXBuildFile; fileRef = ECE87E9B273F84E4001DAEE7 /* Raleway-ExtraLightItalic.ttf */; };
		ECE87EAE273F84E4001DAEE7 /* Raleway-ExtraBoldItalic.ttf in Resources */ = {isa = PBXBuildFile; fileRef = ECE87E9C273F84E4001DAEE7 /* Raleway-ExtraBoldItalic.ttf */; };
		ECE87EAF273F84E4001DAEE7 /* Raleway-Italic.ttf in Resources */ = {isa = PBXBuildFile; fileRef = ECE87E9D273F84E4001DAEE7 /* Raleway-Italic.ttf */; };
		ECE87EB0273F84E4001DAEE7 /* Raleway-Medium.ttf in Resources */ = {isa = PBXBuildFile; fileRef = ECE87E9E273F84E4001DAEE7 /* Raleway-Medium.ttf */; };
		ECE87EB1273F84E4001DAEE7 /* Raleway-ExtraBold.ttf in Resources */ = {isa = PBXBuildFile; fileRef = ECE87E9F273F84E4001DAEE7 /* Raleway-ExtraBold.ttf */; };
		ECE87EB2273F84E4001DAEE7 /* Raleway-Bold.ttf in Resources */ = {isa = PBXBuildFile; fileRef = ECE87EA0273F84E4001DAEE7 /* Raleway-Bold.ttf */; };
		ECE87EB3273F84E4001DAEE7 /* Raleway-Thin.ttf in Resources */ = {isa = PBXBuildFile; fileRef = ECE87EA1273F84E4001DAEE7 /* Raleway-Thin.ttf */; };
		ECE87EB4273F84E4001DAEE7 /* Raleway-SemiBold.ttf in Resources */ = {isa = PBXBuildFile; fileRef = ECE87EA2273F84E4001DAEE7 /* Raleway-SemiBold.ttf */; };
		ECE87EB5273F84E4001DAEE7 /* Raleway-ThinItalic.ttf in Resources */ = {isa = PBXBuildFile; fileRef = ECE87EA3273F84E4001DAEE7 /* Raleway-ThinItalic.ttf */; };
		ECE87EB6273F84E4001DAEE7 /* Raleway-MediumItalic.ttf in Resources */ = {isa = PBXBuildFile; fileRef = ECE87EA4273F84E4001DAEE7 /* Raleway-MediumItalic.ttf */; };
		ECE87EB7273F84E4001DAEE7 /* Raleway-Regular.ttf in Resources */ = {isa = PBXBuildFile; fileRef = ECE87EA5273F84E4001DAEE7 /* Raleway-Regular.ttf */; };
/* End PBXBuildFile section */

/* Begin PBXFileReference section */
		258B8ABC2CE25B426B731768 /* Pods_MADHealth.framework */ = {isa = PBXFileReference; explicitFileType = wrapper.framework; includeInIndex = 0; path = Pods_MADHealth.framework; sourceTree = BUILT_PRODUCTS_DIR; };
		48B8C3FDF2953364B1AA325D /* Pods-MADHealth.release.xcconfig */ = {isa = PBXFileReference; includeInIndex = 1; lastKnownFileType = text.xcconfig; name = "Pods-MADHealth.release.xcconfig"; path = "Target Support Files/Pods-MADHealth/Pods-MADHealth.release.xcconfig"; sourceTree = "<group>"; };
		EC964C85273F8AA80028EA02 /* Storyboard+Navigation.swift */ = {isa = PBXFileReference; lastKnownFileType = sourcecode.swift; path = "Storyboard+Navigation.swift"; sourceTree = "<group>"; };
		EC964C89273F8ACE0028EA02 /* Storyboard.swift */ = {isa = PBXFileReference; lastKnownFileType = sourcecode.swift; path = Storyboard.swift; sourceTree = "<group>"; };
		EC964C8C273F8B070028EA02 /* NavigationController.swift */ = {isa = PBXFileReference; lastKnownFileType = sourcecode.swift; path = NavigationController.swift; sourceTree = "<group>"; };
		EC964C8F273F8E230028EA02 /* Screen.swift */ = {isa = PBXFileReference; lastKnownFileType = sourcecode.swift; path = Screen.swift; sourceTree = "<group>"; };
		EC964C95273F915B0028EA02 /* Login.storyboard */ = {isa = PBXFileReference; lastKnownFileType = file.storyboard; path = Login.storyboard; sourceTree = "<group>"; };
		EC964C97273F91620028EA02 /* LoginViewController.swift */ = {isa = PBXFileReference; lastKnownFileType = sourcecode.swift; path = LoginViewController.swift; sourceTree = "<group>"; };
		EC964C99273F94C60028EA02 /* UIViewController+Navigation.swift */ = {isa = PBXFileReference; lastKnownFileType = sourcecode.swift; path = "UIViewController+Navigation.swift"; sourceTree = "<group>"; };
		EC964C9B273F95740028EA02 /* UIView+CornerRadius.swift */ = {isa = PBXFileReference; lastKnownFileType = sourcecode.swift; path = "UIView+CornerRadius.swift"; sourceTree = "<group>"; };
		EC964C9E273F95D70028EA02 /* KeyboardHelper.swift */ = {isa = PBXFileReference; lastKnownFileType = sourcecode.swift; path = KeyboardHelper.swift; sourceTree = "<group>"; };
		EC964CA0273F979F0028EA02 /* UIViewController+Action.swift */ = {isa = PBXFileReference; lastKnownFileType = sourcecode.swift; path = "UIViewController+Action.swift"; sourceTree = "<group>"; };
		EC964CA3273F98350028EA02 /* LoginViewModel.swift */ = {isa = PBXFileReference; lastKnownFileType = sourcecode.swift; path = LoginViewModel.swift; sourceTree = "<group>"; };
		EC964CA7273F9B0F0028EA02 /* APIAuthProvider.swift */ = {isa = PBXFileReference; lastKnownFileType = sourcecode.swift; path = APIAuthProvider.swift; sourceTree = "<group>"; };
		EC964CAA273F9B540028EA02 /* Constant.swift */ = {isa = PBXFileReference; lastKnownFileType = sourcecode.swift; path = Constant.swift; sourceTree = "<group>"; };
		EC964CAD273F9CB10028EA02 /* AuthStoreManager.swift */ = {isa = PBXFileReference; lastKnownFileType = sourcecode.swift; path = AuthStoreManager.swift; sourceTree = "<group>"; };
		EC964CB0273F9CEB0028EA02 /* HandleResponseMethod.swift */ = {isa = PBXFileReference; lastKnownFileType = sourcecode.swift; path = HandleResponseMethod.swift; sourceTree = "<group>"; };
		EC964CB3273F9D430028EA02 /* Error.swift */ = {isa = PBXFileReference; lastKnownFileType = sourcecode.swift; path = Error.swift; sourceTree = "<group>"; };
		EC964CB6273F9E200028EA02 /* EmptyModel.swift */ = {isa = PBXFileReference; lastKnownFileType = sourcecode.swift; path = EmptyModel.swift; sourceTree = "<group>"; };
		EC964CB9273F9FF20028EA02 /* LoginViewModelDelegate.swift */ = {isa = PBXFileReference; lastKnownFileType = sourcecode.swift; path = LoginViewModelDelegate.swift; sourceTree = "<group>"; };
		EC964CC3273FA4E20028EA02 /* UserDefaultsManager.swift */ = {isa = PBXFileReference; lastKnownFileType = sourcecode.swift; path = UserDefaultsManager.swift; sourceTree = "<group>"; };
		EC964CC8273FAAEE0028EA02 /* TabBar.storyboard */ = {isa = PBXFileReference; lastKnownFileType = file.storyboard; path = TabBar.storyboard; sourceTree = "<group>"; };
		EC964CCA273FAAFD0028EA02 /* TabBarViewController.swift */ = {isa = PBXFileReference; lastKnownFileType = sourcecode.swift; path = TabBarViewController.swift; sourceTree = "<group>"; };
		EC964CCF273FAB590028EA02 /* Home.storyboard */ = {isa = PBXFileReference; lastKnownFileType = file.storyboard; path = Home.storyboard; sourceTree = "<group>"; };
		EC964CD1273FAB610028EA02 /* HomeViewController.swift */ = {isa = PBXFileReference; lastKnownFileType = sourcecode.swift; path = HomeViewController.swift; sourceTree = "<group>"; };
		EC964CD6273FAD760028EA02 /* Notification.storyboard */ = {isa = PBXFileReference; lastKnownFileType = file.storyboard; path = Notification.storyboard; sourceTree = "<group>"; };
		EC964CD8273FAD7F0028EA02 /* NotificationViewController.swift */ = {isa = PBXFileReference; lastKnownFileType = sourcecode.swift; path = NotificationViewController.swift; sourceTree = "<group>"; };
		EC964CDD273FAE190028EA02 /* Statistics.storyboard */ = {isa = PBXFileReference; lastKnownFileType = file.storyboard; path = Statistics.storyboard; sourceTree = "<group>"; };
		EC964CDF273FAE220028EA02 /* StatisticsViewController.swift */ = {isa = PBXFileReference; lastKnownFileType = sourcecode.swift; path = StatisticsViewController.swift; sourceTree = "<group>"; };
		EC964CE4273FAE710028EA02 /* Settings.storyboard */ = {isa = PBXFileReference; lastKnownFileType = file.storyboard; path = Settings.storyboard; sourceTree = "<group>"; };
		EC964CE6273FAE840028EA02 /* SettingsViewController.swift */ = {isa = PBXFileReference; lastKnownFileType = sourcecode.swift; path = SettingsViewController.swift; sourceTree = "<group>"; };
		EC964CE9273FAF5E0028EA02 /* AppColor.swift */ = {isa = PBXFileReference; lastKnownFileType = sourcecode.swift; path = AppColor.swift; sourceTree = "<group>"; };
		EC964CEC273FB18E0028EA02 /* HomeDataSource.swift */ = {isa = PBXFileReference; lastKnownFileType = sourcecode.swift; path = HomeDataSource.swift; sourceTree = "<group>"; };
		EC964CF1273FB2400028EA02 /* HomeDelegate.swift */ = {isa = PBXFileReference; lastKnownFileType = sourcecode.swift; path = HomeDelegate.swift; sourceTree = "<group>"; };
		EC964CF4273FB2730028EA02 /* HomeViewModel.swift */ = {isa = PBXFileReference; lastKnownFileType = sourcecode.swift; path = HomeViewModel.swift; sourceTree = "<group>"; };
		EC964CF7273FB2880028EA02 /* HomeCard.swift */ = {isa = PBXFileReference; lastKnownFileType = sourcecode.swift; path = HomeCard.swift; sourceTree = "<group>"; };
		EC964CFA273FB44E0028EA02 /* HomeCardTableViewCell.swift */ = {isa = PBXFileReference; lastKnownFileType = sourcecode.swift; path = HomeCardTableViewCell.swift; sourceTree = "<group>"; };
		ECE87E72273F7F14001DAEE7 /* MADHealth.app */ = {isa = PBXFileReference; explicitFileType = wrapper.application; includeInIndex = 0; path = MADHealth.app; sourceTree = BUILT_PRODUCTS_DIR; };
		ECE87E75273F7F14001DAEE7 /* AppDelegate.swift */ = {isa = PBXFileReference; lastKnownFileType = sourcecode.swift; path = AppDelegate.swift; sourceTree = "<group>"; };
		ECE87E77273F7F14001DAEE7 /* SceneDelegate.swift */ = {isa = PBXFileReference; lastKnownFileType = sourcecode.swift; path = SceneDelegate.swift; sourceTree = "<group>"; };
		ECE87E7E273F7F16001DAEE7 /* Assets.xcassets */ = {isa = PBXFileReference; lastKnownFileType = folder.assetcatalog; path = Assets.xcassets; sourceTree = "<group>"; };
		ECE87E81273F7F16001DAEE7 /* Base */ = {isa = PBXFileReference; lastKnownFileType = file.storyboard; name = Base; path = Base.lproj/LaunchScreen.storyboard; sourceTree = "<group>"; };
		ECE87E83273F7F16001DAEE7 /* Info.plist */ = {isa = PBXFileReference; lastKnownFileType = text.plist.xml; path = Info.plist; sourceTree = "<group>"; };
		ECE87E8E273F84A6001DAEE7 /* OnbordingViewController.swift */ = {isa = PBXFileReference; lastKnownFileType = sourcecode.swift; path = OnbordingViewController.swift; sourceTree = "<group>"; };
		ECE87E90273F84B3001DAEE7 /* Onbording.storyboard */ = {isa = PBXFileReference; lastKnownFileType = file.storyboard; path = Onbording.storyboard; sourceTree = "<group>"; };
		ECE87E94273F84E3001DAEE7 /* Raleway-LightItalic.ttf */ = {isa = PBXFileReference; lastKnownFileType = file; path = "Raleway-LightItalic.ttf"; sourceTree = "<group>"; };
		ECE87E95273F84E4001DAEE7 /* Raleway-Light.ttf */ = {isa = PBXFileReference; lastKnownFileType = file; path = "Raleway-Light.ttf"; sourceTree = "<group>"; };
		ECE87E96273F84E4001DAEE7 /* Raleway-ExtraLight.ttf */ = {isa = PBXFileReference; lastKnownFileType = file; path = "Raleway-ExtraLight.ttf"; sourceTree = "<group>"; };
		ECE87E97273F84E4001DAEE7 /* Raleway-Black.ttf */ = {isa = PBXFileReference; lastKnownFileType = file; path = "Raleway-Black.ttf"; sourceTree = "<group>"; };
		ECE87E98273F84E4001DAEE7 /* Raleway-BoldItalic.ttf */ = {isa = PBXFileReference; lastKnownFileType = file; path = "Raleway-BoldItalic.ttf"; sourceTree = "<group>"; };
		ECE87E99273F84E4001DAEE7 /* Raleway-SemiBoldItalic.ttf */ = {isa = PBXFileReference; lastKnownFileType = file; path = "Raleway-SemiBoldItalic.ttf"; sourceTree = "<group>"; };
		ECE87E9A273F84E4001DAEE7 /* Raleway-BlackItalic.ttf */ = {isa = PBXFileReference; lastKnownFileType = file; path = "Raleway-BlackItalic.ttf"; sourceTree = "<group>"; };
		ECE87E9B273F84E4001DAEE7 /* Raleway-ExtraLightItalic.ttf */ = {isa = PBXFileReference; lastKnownFileType = file; path = "Raleway-ExtraLightItalic.ttf"; sourceTree = "<group>"; };
		ECE87E9C273F84E4001DAEE7 /* Raleway-ExtraBoldItalic.ttf */ = {isa = PBXFileReference; lastKnownFileType = file; path = "Raleway-ExtraBoldItalic.ttf"; sourceTree = "<group>"; };
		ECE87E9D273F84E4001DAEE7 /* Raleway-Italic.ttf */ = {isa = PBXFileReference; lastKnownFileType = file; path = "Raleway-Italic.ttf"; sourceTree = "<group>"; };
		ECE87E9E273F84E4001DAEE7 /* Raleway-Medium.ttf */ = {isa = PBXFileReference; lastKnownFileType = file; path = "Raleway-Medium.ttf"; sourceTree = "<group>"; };
		ECE87E9F273F84E4001DAEE7 /* Raleway-ExtraBold.ttf */ = {isa = PBXFileReference; lastKnownFileType = file; path = "Raleway-ExtraBold.ttf"; sourceTree = "<group>"; };
		ECE87EA0273F84E4001DAEE7 /* Raleway-Bold.ttf */ = {isa = PBXFileReference; lastKnownFileType = file; path = "Raleway-Bold.ttf"; sourceTree = "<group>"; };
		ECE87EA1273F84E4001DAEE7 /* Raleway-Thin.ttf */ = {isa = PBXFileReference; lastKnownFileType = file; path = "Raleway-Thin.ttf"; sourceTree = "<group>"; };
		ECE87EA2273F84E4001DAEE7 /* Raleway-SemiBold.ttf */ = {isa = PBXFileReference; lastKnownFileType = file; path = "Raleway-SemiBold.ttf"; sourceTree = "<group>"; };
		ECE87EA3273F84E4001DAEE7 /* Raleway-ThinItalic.ttf */ = {isa = PBXFileReference; lastKnownFileType = file; path = "Raleway-ThinItalic.ttf"; sourceTree = "<group>"; };
		ECE87EA4273F84E4001DAEE7 /* Raleway-MediumItalic.ttf */ = {isa = PBXFileReference; lastKnownFileType = file; path = "Raleway-MediumItalic.ttf"; sourceTree = "<group>"; };
		ECE87EA5273F84E4001DAEE7 /* Raleway-Regular.ttf */ = {isa = PBXFileReference; lastKnownFileType = file; path = "Raleway-Regular.ttf"; sourceTree = "<group>"; };
		FC44B508E2F5AB8C5ED6E557 /* Pods-MADHealth.debug.xcconfig */ = {isa = PBXFileReference; includeInIndex = 1; lastKnownFileType = text.xcconfig; name = "Pods-MADHealth.debug.xcconfig"; path = "Target Support Files/Pods-MADHealth/Pods-MADHealth.debug.xcconfig"; sourceTree = "<group>"; };
/* End PBXFileReference section */

/* Begin PBXFrameworksBuildPhase section */
		ECE87E6F273F7F14001DAEE7 /* Frameworks */ = {
			isa = PBXFrameworksBuildPhase;
			buildActionMask = 2147483647;
			files = (
				D4D9DE0A2792FA65F12AFA9A /* Pods_MADHealth.framework in Frameworks */,
			);
			runOnlyForDeploymentPostprocessing = 0;
		};
/* End PBXFrameworksBuildPhase section */

/* Begin PBXGroup section */
		3E91FB3CAD92316ABD5F0C16 /* Frameworks */ = {
			isa = PBXGroup;
			children = (
				258B8ABC2CE25B426B731768 /* Pods_MADHealth.framework */,
			);
			name = Frameworks;
			sourceTree = "<group>";
		};
		A785200FE4AB2C21C9C3DADD /* Pods */ = {
			isa = PBXGroup;
			children = (
				FC44B508E2F5AB8C5ED6E557 /* Pods-MADHealth.debug.xcconfig */,
				48B8C3FDF2953364B1AA325D /* Pods-MADHealth.release.xcconfig */,
			);
			path = Pods;
			sourceTree = "<group>";
		};
		EC964C84273F8A950028EA02 /* Extension */ = {
			isa = PBXGroup;
			children = (
				EC964C85273F8AA80028EA02 /* Storyboard+Navigation.swift */,
				EC964C99273F94C60028EA02 /* UIViewController+Navigation.swift */,
				EC964C9B273F95740028EA02 /* UIView+CornerRadius.swift */,
				EC964CA0273F979F0028EA02 /* UIViewController+Action.swift */,
			);
			path = Extension;
			sourceTree = "<group>";
		};
		EC964C87273F8ABD0028EA02 /* Enum */ = {
			isa = PBXGroup;
			children = (
				EC964C89273F8ACE0028EA02 /* Storyboard.swift */,
			);
			path = Enum;
			sourceTree = "<group>";
		};
		EC964C8B273F8AFF0028EA02 /* View */ = {
			isa = PBXGroup;
			children = (
				EC964C8C273F8B070028EA02 /* NavigationController.swift */,
			);
			path = View;
			sourceTree = "<group>";
		};
		EC964C8E273F8E150028EA02 /* Constant */ = {
			isa = PBXGroup;
			children = (
				EC964C8F273F8E230028EA02 /* Screen.swift */,
				EC964CAA273F9B540028EA02 /* Constant.swift */,
			);
			path = Constant;
			sourceTree = "<group>";
		};
		EC964C91273F913E0028EA02 /* Login */ = {
			isa = PBXGroup;
			children = (
				EC964CB8273F9FDE0028EA02 /* Protocol */,
				EC964CA2273F98200028EA02 /* ViewModel */,
				EC964C94273F91510028EA02 /* Storyboard */,
				EC964C92273F91480028EA02 /* ViewController */,
			);
			path = Login;
			sourceTree = "<group>";
		};
		EC964C92273F91480028EA02 /* ViewController */ = {
			isa = PBXGroup;
			children = (
				EC964C97273F91620028EA02 /* LoginViewController.swift */,
			);
			path = ViewController;
			sourceTree = "<group>";
		};
		EC964C94273F91510028EA02 /* Storyboard */ = {
			isa = PBXGroup;
			children = (
				EC964C95273F915B0028EA02 /* Login.storyboard */,
			);
			path = Storyboard;
			sourceTree = "<group>";
		};
		EC964C9D273F95CB0028EA02 /* Helper */ = {
			isa = PBXGroup;
			children = (
				EC964C9E273F95D70028EA02 /* KeyboardHelper.swift */,
			);
			path = Helper;
			sourceTree = "<group>";
		};
		EC964CA2273F98200028EA02 /* ViewModel */ = {
			isa = PBXGroup;
			children = (
				EC964CA3273F98350028EA02 /* LoginViewModel.swift */,
			);
			path = ViewModel;
			sourceTree = "<group>";
		};
		EC964CA5273F9AFA0028EA02 /* Network */ = {
			isa = PBXGroup;
			children = (
				EC964CAC273F9C920028EA02 /* StoreManager */,
				EC964CA6273F9B050028EA02 /* Provider */,
			);
			path = Network;
			sourceTree = "<group>";
		};
		EC964CA6273F9B050028EA02 /* Provider */ = {
			isa = PBXGroup;
			children = (
				EC964CA7273F9B0F0028EA02 /* APIAuthProvider.swift */,
			);
			path = Provider;
			sourceTree = "<group>";
		};
		EC964CAC273F9C920028EA02 /* StoreManager */ = {
			isa = PBXGroup;
			children = (
				EC964CAD273F9CB10028EA02 /* AuthStoreManager.swift */,
			);
			path = StoreManager;
			sourceTree = "<group>";
		};
		EC964CAF273F9CE10028EA02 /* Methods */ = {
			isa = PBXGroup;
			children = (
				EC964CB0273F9CEB0028EA02 /* HandleResponseMethod.swift */,
			);
			path = Methods;
			sourceTree = "<group>";
		};
		EC964CB2273F9D390028EA02 /* Model */ = {
			isa = PBXGroup;
			children = (
				EC964CB3273F9D430028EA02 /* Error.swift */,
				EC964CB6273F9E200028EA02 /* EmptyModel.swift */,
			);
			path = Model;
			sourceTree = "<group>";
		};
		EC964CB8273F9FDE0028EA02 /* Protocol */ = {
			isa = PBXGroup;
			children = (
				EC964CB9273F9FF20028EA02 /* LoginViewModelDelegate.swift */,
			);
			path = Protocol;
			sourceTree = "<group>";
		};
		EC964CC2273FA4D90028EA02 /* Manager */ = {
			isa = PBXGroup;
			children = (
				EC964CC3273FA4E20028EA02 /* UserDefaultsManager.swift */,
			);
			path = Manager;
			sourceTree = "<group>";
		};
		EC964CC5273FAAA10028EA02 /* TabBar */ = {
			isa = PBXGroup;
			children = (
				EC964CC7273FAAE50028EA02 /* Storyboard */,
				EC964CC6273FAADF0028EA02 /* ViewController */,
			);
			path = TabBar;
			sourceTree = "<group>";
		};
		EC964CC6273FAADF0028EA02 /* ViewController */ = {
			isa = PBXGroup;
			children = (
				EC964CCA273FAAFD0028EA02 /* TabBarViewController.swift */,
			);
			path = ViewController;
			sourceTree = "<group>";
		};
		EC964CC7273FAAE50028EA02 /* Storyboard */ = {
			isa = PBXGroup;
			children = (
				EC964CC8273FAAEE0028EA02 /* TabBar.storyboard */,
			);
			path = Storyboard;
			sourceTree = "<group>";
		};
		EC964CCC273FAB440028EA02 /* Home */ = {
			isa = PBXGroup;
			children = (
				EC964CF9273FB4370028EA02 /* Cell */,
				EC964CF6273FB27B0028EA02 /* Enum */,
				EC964CF3273FB2630028EA02 /* ViewModel */,
				EC964CEF273FB22D0028EA02 /* Protocol */,
				EC964CEB273FB1800028EA02 /* DataSource */,
				EC964CCE273FAB510028EA02 /* Storyboard */,
				EC964CCD273FAB4C0028EA02 /* ViewController */,
			);
			path = Home;
			sourceTree = "<group>";
		};
		EC964CCD273FAB4C0028EA02 /* ViewController */ = {
			isa = PBXGroup;
			children = (
				EC964CD1273FAB610028EA02 /* HomeViewController.swift */,
			);
			path = ViewController;
			sourceTree = "<group>";
		};
		EC964CCE273FAB510028EA02 /* Storyboard */ = {
			isa = PBXGroup;
			children = (
				EC964CCF273FAB590028EA02 /* Home.storyboard */,
			);
			path = Storyboard;
			sourceTree = "<group>";
		};
		EC964CD3273FAD5E0028EA02 /* Notification */ = {
			isa = PBXGroup;
			children = (
				EC964CD5273FAD6E0028EA02 /* ViewController */,
				EC964CD4273FAD690028EA02 /* Storyboard */,
			);
			path = Notification;
			sourceTree = "<group>";
		};
		EC964CD4273FAD690028EA02 /* Storyboard */ = {
			isa = PBXGroup;
			children = (
				EC964CD6273FAD760028EA02 /* Notification.storyboard */,
			);
			path = Storyboard;
			sourceTree = "<group>";
		};
		EC964CD5273FAD6E0028EA02 /* ViewController */ = {
			isa = PBXGroup;
			children = (
				EC964CD8273FAD7F0028EA02 /* NotificationViewController.swift */,
			);
			path = ViewController;
			sourceTree = "<group>";
		};
		EC964CDA273FAE020028EA02 /* Statistics */ = {
			isa = PBXGroup;
			children = (
				EC964CDC273FAE100028EA02 /* Storyboard */,
				EC964CDB273FAE0A0028EA02 /* ViewController */,
			);
			path = Statistics;
			sourceTree = "<group>";
		};
		EC964CDB273FAE0A0028EA02 /* ViewController */ = {
			isa = PBXGroup;
			children = (
				EC964CDF273FAE220028EA02 /* StatisticsViewController.swift */,
			);
			path = ViewController;
			sourceTree = "<group>";
		};
		EC964CDC273FAE100028EA02 /* Storyboard */ = {
			isa = PBXGroup;
			children = (
				EC964CDD273FAE190028EA02 /* Statistics.storyboard */,
			);
			path = Storyboard;
			sourceTree = "<group>";
		};
		EC964CE1273FAE590028EA02 /* Settings */ = {
			isa = PBXGroup;
			children = (
				EC964CE3273FAE690028EA02 /* ViewController */,
				EC964CE2273FAE630028EA02 /* Storyboard */,
			);
			path = Settings;
			sourceTree = "<group>";
		};
		EC964CE2273FAE630028EA02 /* Storyboard */ = {
			isa = PBXGroup;
			children = (
				EC964CE4273FAE710028EA02 /* Settings.storyboard */,
			);
			path = Storyboard;
			sourceTree = "<group>";
		};
		EC964CE3273FAE690028EA02 /* ViewController */ = {
			isa = PBXGroup;
			children = (
				EC964CE6273FAE840028EA02 /* SettingsViewController.swift */,
			);
			path = ViewController;
			sourceTree = "<group>";
		};
		EC964CE8273FAF520028EA02 /* AppStyle */ = {
			isa = PBXGroup;
			children = (
				EC964CE9273FAF5E0028EA02 /* AppColor.swift */,
			);
			path = AppStyle;
			sourceTree = "<group>";
		};
		EC964CEB273FB1800028EA02 /* DataSource */ = {
			isa = PBXGroup;
			children = (
				EC964CEC273FB18E0028EA02 /* HomeDataSource.swift */,
			);
			path = DataSource;
			sourceTree = "<group>";
		};
		EC964CEF273FB22D0028EA02 /* Protocol */ = {
			isa = PBXGroup;
			children = (
				EC964CF1273FB2400028EA02 /* HomeDelegate.swift */,
			);
			path = Protocol;
			sourceTree = "<group>";
		};
		EC964CF3273FB2630028EA02 /* ViewModel */ = {
			isa = PBXGroup;
			children = (
				EC964CF4273FB2730028EA02 /* HomeViewModel.swift */,
			);
			path = ViewModel;
			sourceTree = "<group>";
		};
		EC964CF6273FB27B0028EA02 /* Enum */ = {
			isa = PBXGroup;
			children = (
				EC964CF7273FB2880028EA02 /* HomeCard.swift */,
			);
			path = Enum;
			sourceTree = "<group>";
		};
		EC964CF9273FB4370028EA02 /* Cell */ = {
			isa = PBXGroup;
			children = (
				EC964CFA273FB44E0028EA02 /* HomeCardTableViewCell.swift */,
			);
			path = Cell;
			sourceTree = "<group>";
		};
		ECE87E69273F7F14001DAEE7 = {
			isa = PBXGroup;
			children = (
				ECE87E74273F7F14001DAEE7 /* MADHealth */,
				ECE87E73273F7F14001DAEE7 /* Products */,
				A785200FE4AB2C21C9C3DADD /* Pods */,
				3E91FB3CAD92316ABD5F0C16 /* Frameworks */,
			);
			sourceTree = "<group>";
		};
		ECE87E73273F7F14001DAEE7 /* Products */ = {
			isa = PBXGroup;
			children = (
				ECE87E72273F7F14001DAEE7 /* MADHealth.app */,
			);
			name = Products;
			sourceTree = "<group>";
		};
		ECE87E74273F7F14001DAEE7 /* MADHealth */ = {
			isa = PBXGroup;
			children = (
				ECE87E89273F8431001DAEE7 /* Group */,
				ECE87E92273F84C1001DAEE7 /* Core */,
				ECE87E75273F7F14001DAEE7 /* AppDelegate.swift */,
				ECE87E77273F7F14001DAEE7 /* SceneDelegate.swift */,
				ECE87E7E273F7F16001DAEE7 /* Assets.xcassets */,
				ECE87E80273F7F16001DAEE7 /* LaunchScreen.storyboard */,
				ECE87E83273F7F16001DAEE7 /* Info.plist */,
			);
			path = MADHealth;
			sourceTree = "<group>";
		};
		ECE87E89273F8431001DAEE7 /* Group */ = {
			isa = PBXGroup;
			children = (
				EC964CE1273FAE590028EA02 /* Settings */,
				EC964CDA273FAE020028EA02 /* Statistics */,
				EC964CD3273FAD5E0028EA02 /* Notification */,
				EC964CCC273FAB440028EA02 /* Home */,
				EC964CC5273FAAA10028EA02 /* TabBar */,
				EC964C91273F913E0028EA02 /* Login */,
				ECE87E8A273F8441001DAEE7 /* Onbording */,
			);
			path = Group;
			sourceTree = "<group>";
		};
		ECE87E8A273F8441001DAEE7 /* Onbording */ = {
			isa = PBXGroup;
			children = (
				ECE87E8D273F8491001DAEE7 /* ViewController */,
				ECE87E8C273F8489001DAEE7 /* Storyboard */,
			);
			path = Onbording;
			sourceTree = "<group>";
		};
		ECE87E8C273F8489001DAEE7 /* Storyboard */ = {
			isa = PBXGroup;
			children = (
				ECE87E90273F84B3001DAEE7 /* Onbording.storyboard */,
			);
			path = Storyboard;
			sourceTree = "<group>";
		};
		ECE87E8D273F8491001DAEE7 /* ViewController */ = {
			isa = PBXGroup;
			children = (
				ECE87E8E273F84A6001DAEE7 /* OnbordingViewController.swift */,
			);
			path = ViewController;
			sourceTree = "<group>";
		};
		ECE87E92273F84C1001DAEE7 /* Core */ = {
			isa = PBXGroup;
			children = (
				EC964CE8273FAF520028EA02 /* AppStyle */,
				EC964CC2273FA4D90028EA02 /* Manager */,
				EC964CB2273F9D390028EA02 /* Model */,
				EC964CAF273F9CE10028EA02 /* Methods */,
				EC964CA5273F9AFA0028EA02 /* Network */,
				EC964C9D273F95CB0028EA02 /* Helper */,
				EC964C8E273F8E150028EA02 /* Constant */,
				EC964C8B273F8AFF0028EA02 /* View */,
				EC964C87273F8ABD0028EA02 /* Enum */,
				EC964C84273F8A950028EA02 /* Extension */,
				ECE87E93273F84C8001DAEE7 /* Font */,
			);
			path = Core;
			sourceTree = "<group>";
		};
		ECE87E93273F84C8001DAEE7 /* Font */ = {
			isa = PBXGroup;
			children = (
				ECE87E97273F84E4001DAEE7 /* Raleway-Black.ttf */,
				ECE87E9A273F84E4001DAEE7 /* Raleway-BlackItalic.ttf */,
				ECE87EA0273F84E4001DAEE7 /* Raleway-Bold.ttf */,
				ECE87E98273F84E4001DAEE7 /* Raleway-BoldItalic.ttf */,
				ECE87E9F273F84E4001DAEE7 /* Raleway-ExtraBold.ttf */,
				ECE87E9C273F84E4001DAEE7 /* Raleway-ExtraBoldItalic.ttf */,
				ECE87E96273F84E4001DAEE7 /* Raleway-ExtraLight.ttf */,
				ECE87E9B273F84E4001DAEE7 /* Raleway-ExtraLightItalic.ttf */,
				ECE87E9D273F84E4001DAEE7 /* Raleway-Italic.ttf */,
				ECE87E95273F84E4001DAEE7 /* Raleway-Light.ttf */,
				ECE87E94273F84E3001DAEE7 /* Raleway-LightItalic.ttf */,
				ECE87E9E273F84E4001DAEE7 /* Raleway-Medium.ttf */,
				ECE87EA4273F84E4001DAEE7 /* Raleway-MediumItalic.ttf */,
				ECE87EA5273F84E4001DAEE7 /* Raleway-Regular.ttf */,
				ECE87EA2273F84E4001DAEE7 /* Raleway-SemiBold.ttf */,
				ECE87E99273F84E4001DAEE7 /* Raleway-SemiBoldItalic.ttf */,
				ECE87EA1273F84E4001DAEE7 /* Raleway-Thin.ttf */,
				ECE87EA3273F84E4001DAEE7 /* Raleway-ThinItalic.ttf */,
			);
			path = Font;
			sourceTree = "<group>";
		};
/* End PBXGroup section */

/* Begin PBXNativeTarget section */
		ECE87E71273F7F14001DAEE7 /* MADHealth */ = {
			isa = PBXNativeTarget;
			buildConfigurationList = ECE87E86273F7F16001DAEE7 /* Build configuration list for PBXNativeTarget "MADHealth" */;
			buildPhases = (
				2AA21C23FC458BC18246C0E5 /* [CP] Check Pods Manifest.lock */,
				ECE87E6E273F7F14001DAEE7 /* Sources */,
				ECE87E6F273F7F14001DAEE7 /* Frameworks */,
				ECE87E70273F7F14001DAEE7 /* Resources */,
				9B2D721136541D572960D78C /* [CP] Embed Pods Frameworks */,
			);
			buildRules = (
			);
			dependencies = (
			);
			name = MADHealth;
			productName = MADHealth;
			productReference = ECE87E72273F7F14001DAEE7 /* MADHealth.app */;
			productType = "com.apple.product-type.application";
		};
/* End PBXNativeTarget section */

/* Begin PBXProject section */
		ECE87E6A273F7F14001DAEE7 /* Project object */ = {
			isa = PBXProject;
			attributes = {
				LastSwiftUpdateCheck = 1250;
				LastUpgradeCheck = 1250;
				TargetAttributes = {
					ECE87E71273F7F14001DAEE7 = {
						CreatedOnToolsVersion = 12.5.1;
					};
				};
			};
			buildConfigurationList = ECE87E6D273F7F14001DAEE7 /* Build configuration list for PBXProject "MADHealth" */;
			compatibilityVersion = "Xcode 9.3";
			developmentRegion = en;
			hasScannedForEncodings = 0;
			knownRegions = (
				en,
				Base,
			);
			mainGroup = ECE87E69273F7F14001DAEE7;
			productRefGroup = ECE87E73273F7F14001DAEE7 /* Products */;
			projectDirPath = "";
			projectRoot = "";
			targets = (
				ECE87E71273F7F14001DAEE7 /* MADHealth */,
			);
		};
/* End PBXProject section */

/* Begin PBXResourcesBuildPhase section */
		ECE87E70273F7F14001DAEE7 /* Resources */ = {
			isa = PBXResourcesBuildPhase;
			buildActionMask = 2147483647;
			files = (
				ECE87EB4273F84E4001DAEE7 /* Raleway-SemiBold.ttf in Resources */,
				ECE87EAD273F84E4001DAEE7 /* Raleway-ExtraLightItalic.ttf in Resources */,
				ECE87E82273F7F16001DAEE7 /* LaunchScreen.storyboard in Resources */,
				EC964CD7273FAD760028EA02 /* Notification.storyboard in Resources */,
				ECE87E91273F84B3001DAEE7 /* Onbording.storyboard in Resources */,
				EC964CC9273FAAEE0028EA02 /* TabBar.storyboard in Resources */,
				ECE87EB3273F84E4001DAEE7 /* Raleway-Thin.ttf in Resources */,
				ECE87EA6273F84E4001DAEE7 /* Raleway-LightItalic.ttf in Resources */,
				ECE87EAE273F84E4001DAEE7 /* Raleway-ExtraBoldItalic.ttf in Resources */,
				ECE87EA7273F84E4001DAEE7 /* Raleway-Light.ttf in Resources */,
				ECE87EA9273F84E4001DAEE7 /* Raleway-Black.ttf in Resources */,
				ECE87EB7273F84E4001DAEE7 /* Raleway-Regular.ttf in Resources */,
				EC964C96273F915B0028EA02 /* Login.storyboard in Resources */,
				ECE87EB6273F84E4001DAEE7 /* Raleway-MediumItalic.ttf in Resources */,
				EC964CDE273FAE190028EA02 /* Statistics.storyboard in Resources */,
				ECE87EB5273F84E4001DAEE7 /* Raleway-ThinItalic.ttf in Resources */,
				ECE87EB0273F84E4001DAEE7 /* Raleway-Medium.ttf in Resources */,
				ECE87EB1273F84E4001DAEE7 /* Raleway-ExtraBold.ttf in Resources */,
				ECE87EAB273F84E4001DAEE7 /* Raleway-SemiBoldItalic.ttf in Resources */,
				ECE87EAF273F84E4001DAEE7 /* Raleway-Italic.ttf in Resources */,
				ECE87E7F273F7F16001DAEE7 /* Assets.xcassets in Resources */,
				ECE87EAA273F84E4001DAEE7 /* Raleway-BoldItalic.ttf in Resources */,
				EC964CD0273FAB590028EA02 /* Home.storyboard in Resources */,
				ECE87EB2273F84E4001DAEE7 /* Raleway-Bold.ttf in Resources */,
				ECE87EAC273F84E4001DAEE7 /* Raleway-BlackItalic.ttf in Resources */,
				ECE87EA8273F84E4001DAEE7 /* Raleway-ExtraLight.ttf in Resources */,
				EC964CE5273FAE710028EA02 /* Settings.storyboard in Resources */,
			);
			runOnlyForDeploymentPostprocessing = 0;
		};
/* End PBXResourcesBuildPhase section */

/* Begin PBXShellScriptBuildPhase section */
		2AA21C23FC458BC18246C0E5 /* [CP] Check Pods Manifest.lock */ = {
			isa = PBXShellScriptBuildPhase;
			buildActionMask = 2147483647;
			files = (
			);
			inputFileListPaths = (
			);
			inputPaths = (
				"${PODS_PODFILE_DIR_PATH}/Podfile.lock",
				"${PODS_ROOT}/Manifest.lock",
			);
			name = "[CP] Check Pods Manifest.lock";
			outputFileListPaths = (
			);
			outputPaths = (
				"$(DERIVED_FILE_DIR)/Pods-MADHealth-checkManifestLockResult.txt",
			);
			runOnlyForDeploymentPostprocessing = 0;
			shellPath = /bin/sh;
			shellScript = "diff \"${PODS_PODFILE_DIR_PATH}/Podfile.lock\" \"${PODS_ROOT}/Manifest.lock\" > /dev/null\nif [ $? != 0 ] ; then\n    # print error to STDERR\n    echo \"error: The sandbox is not in sync with the Podfile.lock. Run 'pod install' or update your CocoaPods installation.\" >&2\n    exit 1\nfi\n# This output is used by Xcode 'outputs' to avoid re-running this script phase.\necho \"SUCCESS\" > \"${SCRIPT_OUTPUT_FILE_0}\"\n";
			showEnvVarsInLog = 0;
		};
		9B2D721136541D572960D78C /* [CP] Embed Pods Frameworks */ = {
			isa = PBXShellScriptBuildPhase;
			buildActionMask = 2147483647;
			files = (
			);
			inputFileListPaths = (
				"${PODS_ROOT}/Target Support Files/Pods-MADHealth/Pods-MADHealth-frameworks-${CONFIGURATION}-input-files.xcfilelist",
			);
			name = "[CP] Embed Pods Frameworks";
			outputFileListPaths = (
				"${PODS_ROOT}/Target Support Files/Pods-MADHealth/Pods-MADHealth-frameworks-${CONFIGURATION}-output-files.xcfilelist",
			);
			runOnlyForDeploymentPostprocessing = 0;
			shellPath = /bin/sh;
			shellScript = "\"${PODS_ROOT}/Target Support Files/Pods-MADHealth/Pods-MADHealth-frameworks.sh\"\n";
			showEnvVarsInLog = 0;
		};
/* End PBXShellScriptBuildPhase section */

/* Begin PBXSourcesBuildPhase section */
		ECE87E6E273F7F14001DAEE7 /* Sources */ = {
			isa = PBXSourcesBuildPhase;
			buildActionMask = 2147483647;
			files = (
				EC964CF8273FB2880028EA02 /* HomeCard.swift in Sources */,
				EC964C86273F8AA80028EA02 /* Storyboard+Navigation.swift in Sources */,
				ECE87E8F273F84A6001DAEE7 /* OnbordingViewController.swift in Sources */,
				EC964CAB273F9B540028EA02 /* Constant.swift in Sources */,
				EC964CC4273FA4E20028EA02 /* UserDefaultsManager.swift in Sources */,
				ECE87E76273F7F14001DAEE7 /* AppDelegate.swift in Sources */,
				EC964C9A273F94C60028EA02 /* UIViewController+Navigation.swift in Sources */,
				EC964CA8273F9B0F0028EA02 /* APIAuthProvider.swift in Sources */,
				EC964C8A273F8ACE0028EA02 /* Storyboard.swift in Sources */,
				EC964CEA273FAF5E0028EA02 /* AppColor.swift in Sources */,
				EC964C9F273F95D70028EA02 /* KeyboardHelper.swift in Sources */,
				EC964CD9273FAD7F0028EA02 /* NotificationViewController.swift in Sources */,
				EC964CF2273FB2400028EA02 /* HomeDelegate.swift in Sources */,
				EC964C98273F91620028EA02 /* LoginViewController.swift in Sources */,
				EC964CF5273FB2730028EA02 /* HomeViewModel.swift in Sources */,
				EC964CD2273FAB610028EA02 /* HomeViewController.swift in Sources */,
				EC964C8D273F8B070028EA02 /* NavigationController.swift in Sources */,
				EC964CA4273F98350028EA02 /* LoginViewModel.swift in Sources */,
				EC964CAE273F9CB10028EA02 /* AuthStoreManager.swift in Sources */,
				ECE87E78273F7F14001DAEE7 /* SceneDelegate.swift in Sources */,
				EC964CB1273F9CEB0028EA02 /* HandleResponseMethod.swift in Sources */,
				EC964C90273F8E230028EA02 /* Screen.swift in Sources */,
				EC964CBA273F9FF20028EA02 /* LoginViewModelDelegate.swift in Sources */,
				EC964CA1273F979F0028EA02 /* UIViewController+Action.swift in Sources */,
				EC964CB4273F9D430028EA02 /* Error.swift in Sources */,
				EC964CB7273F9E200028EA02 /* EmptyModel.swift in Sources */,
				EC964CED273FB18E0028EA02 /* HomeDataSource.swift in Sources */,
				EC964C9C273F95740028EA02 /* UIView+CornerRadius.swift in Sources */,
				EC964CFB273FB44E0028EA02 /* HomeCardTableViewCell.swift in Sources */,
				EC964CCB273FAAFD0028EA02 /* TabBarViewController.swift in Sources */,
				EC964CE0273FAE220028EA02 /* StatisticsViewController.swift in Sources */,
				EC964CE7273FAE840028EA02 /* SettingsViewController.swift in Sources */,
			);
			runOnlyForDeploymentPostprocessing = 0;
		};
/* End PBXSourcesBuildPhase section */

/* Begin PBXVariantGroup section */
		ECE87E80273F7F16001DAEE7 /* LaunchScreen.storyboard */ = {
			isa = PBXVariantGroup;
			children = (
				ECE87E81273F7F16001DAEE7 /* Base */,
			);
			name = LaunchScreen.storyboard;
			sourceTree = "<group>";
		};
/* End PBXVariantGroup section */

/* Begin XCBuildConfiguration section */
		ECE87E84273F7F16001DAEE7 /* Debug */ = {
			isa = XCBuildConfiguration;
			buildSettings = {
				ALWAYS_SEARCH_USER_PATHS = NO;
				CLANG_ANALYZER_NONNULL = YES;
				CLANG_ANALYZER_NUMBER_OBJECT_CONVERSION = YES_AGGRESSIVE;
				CLANG_CXX_LANGUAGE_STANDARD = "gnu++14";
				CLANG_CXX_LIBRARY = "libc++";
				CLANG_ENABLE_MODULES = YES;
				CLANG_ENABLE_OBJC_ARC = YES;
				CLANG_ENABLE_OBJC_WEAK = YES;
				CLANG_WARN_BLOCK_CAPTURE_AUTORELEASING = YES;
				CLANG_WARN_BOOL_CONVERSION = YES;
				CLANG_WARN_COMMA = YES;
				CLANG_WARN_CONSTANT_CONVERSION = YES;
				CLANG_WARN_DEPRECATED_OBJC_IMPLEMENTATIONS = YES;
				CLANG_WARN_DIRECT_OBJC_ISA_USAGE = YES_ERROR;
				CLANG_WARN_DOCUMENTATION_COMMENTS = YES;
				CLANG_WARN_EMPTY_BODY = YES;
				CLANG_WARN_ENUM_CONVERSION = YES;
				CLANG_WARN_INFINITE_RECURSION = YES;
				CLANG_WARN_INT_CONVERSION = YES;
				CLANG_WARN_NON_LITERAL_NULL_CONVERSION = YES;
				CLANG_WARN_OBJC_IMPLICIT_RETAIN_SELF = YES;
				CLANG_WARN_OBJC_LITERAL_CONVERSION = YES;
				CLANG_WARN_OBJC_ROOT_CLASS = YES_ERROR;
				CLANG_WARN_QUOTED_INCLUDE_IN_FRAMEWORK_HEADER = YES;
				CLANG_WARN_RANGE_LOOP_ANALYSIS = YES;
				CLANG_WARN_STRICT_PROTOTYPES = YES;
				CLANG_WARN_SUSPICIOUS_MOVE = YES;
				CLANG_WARN_UNGUARDED_AVAILABILITY = YES_AGGRESSIVE;
				CLANG_WARN_UNREACHABLE_CODE = YES;
				CLANG_WARN__DUPLICATE_METHOD_MATCH = YES;
				COPY_PHASE_STRIP = NO;
				DEBUG_INFORMATION_FORMAT = dwarf;
				ENABLE_STRICT_OBJC_MSGSEND = YES;
				ENABLE_TESTABILITY = YES;
				GCC_C_LANGUAGE_STANDARD = gnu11;
				GCC_DYNAMIC_NO_PIC = NO;
				GCC_NO_COMMON_BLOCKS = YES;
				GCC_OPTIMIZATION_LEVEL = 0;
				GCC_PREPROCESSOR_DEFINITIONS = (
					"DEBUG=1",
					"$(inherited)",
				);
				GCC_WARN_64_TO_32_BIT_CONVERSION = YES;
				GCC_WARN_ABOUT_RETURN_TYPE = YES_ERROR;
				GCC_WARN_UNDECLARED_SELECTOR = YES;
				GCC_WARN_UNINITIALIZED_AUTOS = YES_AGGRESSIVE;
				GCC_WARN_UNUSED_FUNCTION = YES;
				GCC_WARN_UNUSED_VARIABLE = YES;
				IPHONEOS_DEPLOYMENT_TARGET = 14.5;
				MTL_ENABLE_DEBUG_INFO = INCLUDE_SOURCE;
				MTL_FAST_MATH = YES;
				ONLY_ACTIVE_ARCH = YES;
				SDKROOT = iphoneos;
				SWIFT_ACTIVE_COMPILATION_CONDITIONS = DEBUG;
				SWIFT_OPTIMIZATION_LEVEL = "-Onone";
			};
			name = Debug;
		};
		ECE87E85273F7F16001DAEE7 /* Release */ = {
			isa = XCBuildConfiguration;
			buildSettings = {
				ALWAYS_SEARCH_USER_PATHS = NO;
				CLANG_ANALYZER_NONNULL = YES;
				CLANG_ANALYZER_NUMBER_OBJECT_CONVERSION = YES_AGGRESSIVE;
				CLANG_CXX_LANGUAGE_STANDARD = "gnu++14";
				CLANG_CXX_LIBRARY = "libc++";
				CLANG_ENABLE_MODULES = YES;
				CLANG_ENABLE_OBJC_ARC = YES;
				CLANG_ENABLE_OBJC_WEAK = YES;
				CLANG_WARN_BLOCK_CAPTURE_AUTORELEASING = YES;
				CLANG_WARN_BOOL_CONVERSION = YES;
				CLANG_WARN_COMMA = YES;
				CLANG_WARN_CONSTANT_CONVERSION = YES;
				CLANG_WARN_DEPRECATED_OBJC_IMPLEMENTATIONS = YES;
				CLANG_WARN_DIRECT_OBJC_ISA_USAGE = YES_ERROR;
				CLANG_WARN_DOCUMENTATION_COMMENTS = YES;
				CLANG_WARN_EMPTY_BODY = YES;
				CLANG_WARN_ENUM_CONVERSION = YES;
				CLANG_WARN_INFINITE_RECURSION = YES;
				CLANG_WARN_INT_CONVERSION = YES;
				CLANG_WARN_NON_LITERAL_NULL_CONVERSION = YES;
				CLANG_WARN_OBJC_IMPLICIT_RETAIN_SELF = YES;
				CLANG_WARN_OBJC_LITERAL_CONVERSION = YES;
				CLANG_WARN_OBJC_ROOT_CLASS = YES_ERROR;
				CLANG_WARN_QUOTED_INCLUDE_IN_FRAMEWORK_HEADER = YES;
				CLANG_WARN_RANGE_LOOP_ANALYSIS = YES;
				CLANG_WARN_STRICT_PROTOTYPES = YES;
				CLANG_WARN_SUSPICIOUS_MOVE = YES;
				CLANG_WARN_UNGUARDED_AVAILABILITY = YES_AGGRESSIVE;
				CLANG_WARN_UNREACHABLE_CODE = YES;
				CLANG_WARN__DUPLICATE_METHOD_MATCH = YES;
				COPY_PHASE_STRIP = NO;
				DEBUG_INFORMATION_FORMAT = "dwarf-with-dsym";
				ENABLE_NS_ASSERTIONS = NO;
				ENABLE_STRICT_OBJC_MSGSEND = YES;
				GCC_C_LANGUAGE_STANDARD = gnu11;
				GCC_NO_COMMON_BLOCKS = YES;
				GCC_WARN_64_TO_32_BIT_CONVERSION = YES;
				GCC_WARN_ABOUT_RETURN_TYPE = YES_ERROR;
				GCC_WARN_UNDECLARED_SELECTOR = YES;
				GCC_WARN_UNINITIALIZED_AUTOS = YES_AGGRESSIVE;
				GCC_WARN_UNUSED_FUNCTION = YES;
				GCC_WARN_UNUSED_VARIABLE = YES;
				IPHONEOS_DEPLOYMENT_TARGET = 14.5;
				MTL_ENABLE_DEBUG_INFO = NO;
				MTL_FAST_MATH = YES;
				SDKROOT = iphoneos;
				SWIFT_COMPILATION_MODE = wholemodule;
				SWIFT_OPTIMIZATION_LEVEL = "-O";
				VALIDATE_PRODUCT = YES;
			};
			name = Release;
		};
		ECE87E87273F7F16001DAEE7 /* Debug */ = {
			isa = XCBuildConfiguration;
			baseConfigurationReference = FC44B508E2F5AB8C5ED6E557 /* Pods-MADHealth.debug.xcconfig */;
			buildSettings = {
				ASSETCATALOG_COMPILER_APPICON_NAME = AppIcon;
				ASSETCATALOG_COMPILER_GLOBAL_ACCENT_COLOR_NAME = AccentColor;
				CODE_SIGN_STYLE = Automatic;
				DEVELOPMENT_TEAM = 6D5VKBZTWA;
				INFOPLIST_FILE = MADHealth/Info.plist;
				IPHONEOS_DEPLOYMENT_TARGET = 13.0;
				LD_RUNPATH_SEARCH_PATHS = (
					"$(inherited)",
					"@executable_path/Frameworks",
				);
				PRODUCT_BUNDLE_IDENTIFIER = com.madhealth;
				PRODUCT_NAME = "$(TARGET_NAME)";
				SWIFT_VERSION = 5.0;
				TARGETED_DEVICE_FAMILY = 1;
			};
			name = Debug;
		};
		ECE87E88273F7F16001DAEE7 /* Release */ = {
			isa = XCBuildConfiguration;
			baseConfigurationReference = 48B8C3FDF2953364B1AA325D /* Pods-MADHealth.release.xcconfig */;
			buildSettings = {
				ASSETCATALOG_COMPILER_APPICON_NAME = AppIcon;
				ASSETCATALOG_COMPILER_GLOBAL_ACCENT_COLOR_NAME = AccentColor;
				CODE_SIGN_STYLE = Automatic;
				DEVELOPMENT_TEAM = 6D5VKBZTWA;
				INFOPLIST_FILE = MADHealth/Info.plist;
				IPHONEOS_DEPLOYMENT_TARGET = 13.0;
				LD_RUNPATH_SEARCH_PATHS = (
					"$(inherited)",
					"@executable_path/Frameworks",
				);
				PRODUCT_BUNDLE_IDENTIFIER = com.madhealth;
				PRODUCT_NAME = "$(TARGET_NAME)";
				SWIFT_VERSION = 5.0;
				TARGETED_DEVICE_FAMILY = 1;
			};
			name = Release;
		};
/* End XCBuildConfiguration section */

/* Begin XCConfigurationList section */
		ECE87E6D273F7F14001DAEE7 /* Build configuration list for PBXProject "MADHealth" */ = {
			isa = XCConfigurationList;
			buildConfigurations = (
				ECE87E84273F7F16001DAEE7 /* Debug */,
				ECE87E85273F7F16001DAEE7 /* Release */,
			);
			defaultConfigurationIsVisible = 0;
			defaultConfigurationName = Release;
		};
		ECE87E86273F7F16001DAEE7 /* Build configuration list for PBXNativeTarget "MADHealth" */ = {
			isa = XCConfigurationList;
			buildConfigurations = (
				ECE87E87273F7F16001DAEE7 /* Debug */,
				ECE87E88273F7F16001DAEE7 /* Release */,
			);
			defaultConfigurationIsVisible = 0;
			defaultConfigurationName = Release;
		};
/* End XCConfigurationList section */
	};
	rootObject = ECE87E6A273F7F14001DAEE7 /* Project object */;
}
